Microsoft Visual Studio Solution File, Format Version 12.00
# Visual Studio Version 17
VisualStudioVersion = 17.5.2.0
MinimumVisualStudioVersion = 10.0.40219.1
Project("{FAE04EC0-301F-11D3-BF4B-00C04F79EFBC}") = "Arwa", "Arwa\Arwa.csproj", "{924BD957-0382-5F50-776A-B8B3FCBEEC55}"
EndProject
Global
	GlobalSection(SolutionConfigurationPlatforms) = preSolution
		Debug|Any CPU = Debug|Any CPU
		Release|Any CPU = Release|Any CPU
	EndGlobalSection
	GlobalSection(ProjectConfigurationPlatforms) = postSolution
		{924BD957-0382-5F50-776A-B8B3FCBEEC55}.Debug|Any CPU.ActiveCfg = Debug|Any CPU
		{924BD957-0382-5F50-776A-B8B3FCBEEC55}.Debug|Any CPU.Build.0 = Debug|Any CPU
		{924BD957-0382-5F50-776A-B8B3FCBEEC55}.Release|Any CPU.ActiveCfg = Release|Any CPU
		{924BD957-0382-5F50-776A-B8B3FCBEEC55}.Release|Any CPU.Build.0 = Release|Any CPU
	EndGlobalSection
	GlobalSection(SolutionProperties) = preSolution
		HideSolutionNode = FALSE
	EndGlobalSection
	GlobalSection(ExtensibilityGlobals) = postSolution
		SolutionGuid = {7B1753E2-9B55-44C8-909B-509EF820D8B8}
	EndGlobalSection
EndGlobal
